
Microsoft Visual Studio Solution File, Format Version 12.00
# Visual Studio Version 17
VisualStudioVersion = 17.14.36616.10 d17.14
MinimumVisualStudioVersion = 10.0.40219.1
Project("{FAE04EC0-301F-11D3-BF4B-00C04F79EFBC}") = "inSight.API", "inSight.API\inSight.API.csproj", "{A95B496D-6EC8-456A-90E7-DC15E60D368E}"
EndProject
Global
	GlobalSection(SolutionConfigurationPlatforms) = preSolution
		Debug|Any CPU = Debug|Any CPU
		Release|Any CPU = Release|Any CPU
	EndGlobalSection
	GlobalSection(ProjectConfigurationPlatforms) = postSolution
		{A95B496D-6EC8-456A-90E7-DC15E60D368E}.Debug|Any CPU.ActiveCfg = Debug|Any CPU
		{A95B496D-6EC8-456A-90E7-DC15E60D368E}.Debug|Any CPU.Build.0 = Debug|Any CPU
		{A95B496D-6EC8-456A-90E7-DC15E60D368E}.Release|Any CPU.ActiveCfg = Release|Any CPU
		{A95B496D-6EC8-456A-90E7-DC15E60D368E}.Release|Any CPU.Build.0 = Release|Any CPU
	EndGlobalSection
	GlobalSection(SolutionProperties) = preSolution
		HideSolutionNode = FALSE
	EndGlobalSection
	GlobalSection(ExtensibilityGlobals) = postSolution
		SolutionGuid = {5BD94523-8755-4127-AAC6-791A9C5B0287}
	EndGlobalSection
EndGlobal
